
Microsoft Visual Studio Solution File, Format Version 12.00
# Visual Studio Version 17
VisualStudioVersion = 17.11.35222.181
MinimumVisualStudioVersion = 10.0.40219.1
Project("{8BC9CEB8-8B4A-11D0-8D11-00A0C91BC942}") = "AP_Lab№9.2.1", "AP_Lab№9.2.1\AP_Lab№9.2.1.vcxproj", "{453EE718-C971-4265-A70B-B1BF148C4320}"
EndProject
Project("{8BC9CEB8-8B4A-11D0-8D11-00A0C91BC942}") = "UnitTest1", "UnitTest1\UnitTest1.vcxproj", "{BC03A5BC-EAD4-46EC-BB45-3A32E629C7EF}"
EndProject
Global
	GlobalSection(SolutionConfigurationPlatforms) = preSolution
		Debug|x64 = Debug|x64
		Debug|x86 = Debug|x86
		Release|x64 = Release|x64
		Release|x86 = Release|x86
	EndGlobalSection
	GlobalSection(ProjectConfigurationPlatforms) = postSolution
		{453EE718-C971-4265-A70B-B1BF148C4320}.Debug|x64.ActiveCfg = Debug|x64
		{453EE718-C971-4265-A70B-B1BF148C4320}.Debug|x64.Build.0 = Debug|x64
		{453EE718-C971-4265-A70B-B1BF148C4320}.Debug|x86.ActiveCfg = Debug|Win32
		{453EE718-C971-4265-A70B-B1BF148C4320}.Debug|x86.Build.0 = Debug|Win32
		{453EE718-C971-4265-A70B-B1BF148C4320}.Release|x64.ActiveCfg = Release|x64
		{453EE718-C971-4265-A70B-B1BF148C4320}.Release|x64.Build.0 = Release|x64
		{453EE718-C971-4265-A70B-B1BF148C4320}.Release|x86.ActiveCfg = Release|Win32
		{453EE718-C971-4265-A70B-B1BF148C4320}.Release|x86.Build.0 = Release|Win32
		{BC03A5BC-EAD4-46EC-BB45-3A32E629C7EF}.Debug|x64.ActiveCfg = Debug|x64
		{BC03A5BC-EAD4-46EC-BB45-3A32E629C7EF}.Debug|x64.Build.0 = Debug|x64
		{BC03A5BC-EAD4-46EC-BB45-3A32E629C7EF}.Debug|x86.ActiveCfg = Debug|Win32
		{BC03A5BC-EAD4-46EC-BB45-3A32E629C7EF}.Debug|x86.Build.0 = Debug|Win32
		{BC03A5BC-EAD4-46EC-BB45-3A32E629C7EF}.Release|x64.ActiveCfg = Release|x64
		{BC03A5BC-EAD4-46EC-BB45-3A32E629C7EF}.Release|x64.Build.0 = Release|x64
		{BC03A5BC-EAD4-46EC-BB45-3A32E629C7EF}.Release|x86.ActiveCfg = Release|Win32
		{BC03A5BC-EAD4-46EC-BB45-3A32E629C7EF}.Release|x86.Build.0 = Release|Win32
	EndGlobalSection
	GlobalSection(SolutionProperties) = preSolution
		HideSolutionNode = FALSE
	EndGlobalSection
	GlobalSection(ExtensibilityGlobals) = postSolution
		SolutionGuid = {15F9112A-D03A-4186-B4CC-2FBB2CA8AD56}
	EndGlobalSection
EndGlobal
